
Microsoft Visual Studio Solution File, Format Version 12.00
# Visual Studio Version 17
VisualStudioVersion = 17.5.002.0
MinimumVisualStudioVersion = 10.0.40219.1
Project("{9A19103F-16F7-4668-BE54-9A1E7A4F7556}") = "users-api-donet", "users-api-donet.csproj", "{28AD3918-2219-486A-9D91-356DDE332763}"
EndProject
Global
	GlobalSection(SolutionConfigurationPlatforms) = preSolution
		Debug|Any CPU = Debug|Any CPU
		Release|Any CPU = Release|Any CPU
	EndGlobalSection
	GlobalSection(ProjectConfigurationPlatforms) = postSolution
		{28AD3918-2219-486A-9D91-356DDE332763}.Debug|Any CPU.ActiveCfg = Debug|Any CPU
		{28AD3918-2219-486A-9D91-356DDE332763}.Debug|Any CPU.Build.0 = Debug|Any CPU
		{28AD3918-2219-486A-9D91-356DDE332763}.Release|Any CPU.ActiveCfg = Release|Any CPU
		{28AD3918-2219-486A-9D91-356DDE332763}.Release|Any CPU.Build.0 = Release|Any CPU
	EndGlobalSection
	GlobalSection(SolutionProperties) = preSolution
		HideSolutionNode = FALSE
	EndGlobalSection
	GlobalSection(ExtensibilityGlobals) = postSolution
		SolutionGuid = {A118ED8E-952A-4A97-92B8-66EADB462FC1}
	EndGlobalSection
EndGlobal
